
Microsoft Visual Studio Solution File, Format Version 12.00
# Visual Studio Version 17
VisualStudioVersion = 17.9.34728.123
MinimumVisualStudioVersion = 10.0.40219.1
Project("{9A19103F-16F7-4668-BE54-9A1E7A4F7556}") = "Web_253502_Yarashuk.UI", "Web_253502_Yarashuk\Web_253502_Yarashuk.UI.csproj", "{CC728258-39F8-4F57-8015-F56EC1429407}"
	ProjectSection(ProjectDependencies) = postProject
		{39B1B936-AB40-4020-BF93-C865B13AE30F} = {39B1B936-AB40-4020-BF93-C865B13AE30F}
	EndProjectSection
EndProject
Project("{9A19103F-16F7-4668-BE54-9A1E7A4F7556}") = "Web_253502_Yarashuk.Domain", "Web_253502_Yarashuk.Domain\Web_253502_Yarashuk.Domain.csproj", "{39B1B936-AB40-4020-BF93-C865B13AE30F}"
EndProject
Project("{9A19103F-16F7-4668-BE54-9A1E7A4F7556}") = "Web_253502_Yarashuk.API", "Web_253502_Yarashuk.API\Web_253502_Yarashuk.API.csproj", "{9A33C5C9-1064-490F-8630-67217988B2F3}"
EndProject
Project("{9A19103F-16F7-4668-BE54-9A1E7A4F7556}") = "Web_253502_Yarashuk.Tests", "Web_253502_Yarashuk.Tests\Web_253502_Yarashuk.Tests.csproj", "{87A7C2C0-51C2-4AD4-8D4C-75292A8B8404}"
	ProjectSection(ProjectDependencies) = postProject
		{39B1B936-AB40-4020-BF93-C865B13AE30F} = {39B1B936-AB40-4020-BF93-C865B13AE30F}
		{9A33C5C9-1064-490F-8630-67217988B2F3} = {9A33C5C9-1064-490F-8630-67217988B2F3}
		{CC728258-39F8-4F57-8015-F56EC1429407} = {CC728258-39F8-4F57-8015-F56EC1429407}
	EndProjectSection
EndProject
Project("{FAE04EC0-301F-11D3-BF4B-00C04F79EFBC}") = "Web_253502_Yarashuk.Blazor.SSR", "Web_253502_Yarashuk.Blazor.SSR\Web_253502_Yarashuk.Blazor.SSR.csproj", "{B502F2ED-AA63-486C-8DF1-8A85308C4FDC}"
EndProject
Global
	GlobalSection(SolutionConfigurationPlatforms) = preSolution
		Debug|Any CPU = Debug|Any CPU
		Release|Any CPU = Release|Any CPU
	EndGlobalSection
	GlobalSection(ProjectConfigurationPlatforms) = postSolution
		{CC728258-39F8-4F57-8015-F56EC1429407}.Debug|Any CPU.ActiveCfg = Debug|Any CPU
		{CC728258-39F8-4F57-8015-F56EC1429407}.Debug|Any CPU.Build.0 = Debug|Any CPU
		{CC728258-39F8-4F57-8015-F56EC1429407}.Release|Any CPU.ActiveCfg = Release|Any CPU
		{CC728258-39F8-4F57-8015-F56EC1429407}.Release|Any CPU.Build.0 = Release|Any CPU
		{39B1B936-AB40-4020-BF93-C865B13AE30F}.Debug|Any CPU.ActiveCfg = Debug|Any CPU
		{39B1B936-AB40-4020-BF93-C865B13AE30F}.Debug|Any CPU.Build.0 = Debug|Any CPU
		{39B1B936-AB40-4020-BF93-C865B13AE30F}.Release|Any CPU.ActiveCfg = Release|Any CPU
		{39B1B936-AB40-4020-BF93-C865B13AE30F}.Release|Any CPU.Build.0 = Release|Any CPU
		{9A33C5C9-1064-490F-8630-67217988B2F3}.Debug|Any CPU.ActiveCfg = Debug|Any CPU
		{9A33C5C9-1064-490F-8630-67217988B2F3}.Debug|Any CPU.Build.0 = Debug|Any CPU
		{9A33C5C9-1064-490F-8630-67217988B2F3}.Release|Any CPU.ActiveCfg = Release|Any CPU
		{9A33C5C9-1064-490F-8630-67217988B2F3}.Release|Any CPU.Build.0 = Release|Any CPU
		{87A7C2C0-51C2-4AD4-8D4C-75292A8B8404}.Debug|Any CPU.ActiveCfg = Debug|Any CPU
		{87A7C2C0-51C2-4AD4-8D4C-75292A8B8404}.Debug|Any CPU.Build.0 = Debug|Any CPU
		{87A7C2C0-51C2-4AD4-8D4C-75292A8B8404}.Release|Any CPU.ActiveCfg = Release|Any CPU
		{87A7C2C0-51C2-4AD4-8D4C-75292A8B8404}.Release|Any CPU.Build.0 = Release|Any CPU
		{B502F2ED-AA63-486C-8DF1-8A85308C4FDC}.Debug|Any CPU.ActiveCfg = Debug|Any CPU
		{B502F2ED-AA63-486C-8DF1-8A85308C4FDC}.Debug|Any CPU.Build.0 = Debug|Any CPU
		{B502F2ED-AA63-486C-8DF1-8A85308C4FDC}.Release|Any CPU.ActiveCfg = Release|Any CPU
		{B502F2ED-AA63-486C-8DF1-8A85308C4FDC}.Release|Any CPU.Build.0 = Release|Any CPU
	EndGlobalSection
	GlobalSection(SolutionProperties) = preSolution
		HideSolutionNode = FALSE
	EndGlobalSection
	GlobalSection(ExtensibilityGlobals) = postSolution
		SolutionGuid = {AE8150D6-C9DA-4DD8-BE05-41834D0F6D81}
	EndGlobalSection
EndGlobal
