
Microsoft Visual Studio Solution File, Format Version 12.00
# Visual Studio Version 17
VisualStudioVersion = 17.9.34728.123
MinimumVisualStudioVersion = 10.0.40219.1
Project("{FAE04EC0-301F-11D3-BF4B-00C04F79EFBC}") = "Web_253502_Yarashuk", "Web_253502_Yarashuk\Web_253502_Yarashuk.csproj", "{CC728258-39F8-4F57-8015-F56EC1429407}"
EndProject
Global
	GlobalSection(SolutionConfigurationPlatforms) = preSolution
		Debug|Any CPU = Debug|Any CPU
		Release|Any CPU = Release|Any CPU
	EndGlobalSection
	GlobalSection(ProjectConfigurationPlatforms) = postSolution
		{CC728258-39F8-4F57-8015-F56EC1429407}.Debug|Any CPU.ActiveCfg = Debug|Any CPU
		{CC728258-39F8-4F57-8015-F56EC1429407}.Debug|Any CPU.Build.0 = Debug|Any CPU
		{CC728258-39F8-4F57-8015-F56EC1429407}.Release|Any CPU.ActiveCfg = Release|Any CPU
		{CC728258-39F8-4F57-8015-F56EC1429407}.Release|Any CPU.Build.0 = Release|Any CPU
	EndGlobalSection
	GlobalSection(SolutionProperties) = preSolution
		HideSolutionNode = FALSE
	EndGlobalSection
	GlobalSection(ExtensibilityGlobals) = postSolution
		SolutionGuid = {AE8150D6-C9DA-4DD8-BE05-41834D0F6D81}
	EndGlobalSection
EndGlobal
