
Microsoft Visual Studio Solution File, Format Version 12.00
# Visual Studio Version 17
VisualStudioVersion = 17.9.34728.123
MinimumVisualStudioVersion = 10.0.40219.1
Project("{9A19103F-16F7-4668-BE54-9A1E7A4F7556}") = "Web_253502_Yarashuk.UI", "Web_253502_Yarashuk\Web_253502_Yarashuk.UI.csproj", "{CC728258-39F8-4F57-8015-F56EC1429407}"
	ProjectSection(ProjectDependencies) = postProject
		{39B1B936-AB40-4020-BF93-C865B13AE30F} = {39B1B936-AB40-4020-BF93-C865B13AE30F}
	EndProjectSection
EndProject
Project("{9A19103F-16F7-4668-BE54-9A1E7A4F7556}") = "Web_253502_Yarashuk.Domain", "Web_253502_Yarashuk.Domain\Web_253502_Yarashuk.Domain.csproj", "{39B1B936-AB40-4020-BF93-C865B13AE30F}"
EndProject
Global
	GlobalSection(SolutionConfigurationPlatforms) = preSolution
		Debug|Any CPU = Debug|Any CPU
		Release|Any CPU = Release|Any CPU
	EndGlobalSection
	GlobalSection(ProjectConfigurationPlatforms) = postSolution
		{CC728258-39F8-4F57-8015-F56EC1429407}.Debug|Any CPU.ActiveCfg = Debug|Any CPU
		{CC728258-39F8-4F57-8015-F56EC1429407}.Debug|Any CPU.Build.0 = Debug|Any CPU
		{CC728258-39F8-4F57-8015-F56EC1429407}.Release|Any CPU.ActiveCfg = Release|Any CPU
		{CC728258-39F8-4F57-8015-F56EC1429407}.Release|Any CPU.Build.0 = Release|Any CPU
		{39B1B936-AB40-4020-BF93-C865B13AE30F}.Debug|Any CPU.ActiveCfg = Debug|Any CPU
		{39B1B936-AB40-4020-BF93-C865B13AE30F}.Debug|Any CPU.Build.0 = Debug|Any CPU
		{39B1B936-AB40-4020-BF93-C865B13AE30F}.Release|Any CPU.ActiveCfg = Release|Any CPU
		{39B1B936-AB40-4020-BF93-C865B13AE30F}.Release|Any CPU.Build.0 = Release|Any CPU
	EndGlobalSection
	GlobalSection(SolutionProperties) = preSolution
		HideSolutionNode = FALSE
	EndGlobalSection
	GlobalSection(ExtensibilityGlobals) = postSolution
		SolutionGuid = {AE8150D6-C9DA-4DD8-BE05-41834D0F6D81}
	EndGlobalSection
EndGlobal
